#MicroXplorer Configuration settings - do not modify
CAD.formats=
CAD.pinconfig=
CAD.provider=
File.Version=6
GPIO.groupedBy=Group By Peripherals
I2C1.I2C_Speed_Mode=I2C_Fast_Plus
I2C1.IPParameters=Timing,I2C_Speed_Mode
I2C1.Timing=0x00100413
KeepUserPlacement=false
Mcu.CPN=STM32WB55VGY6TR
Mcu.Family=STM32WB
Mcu.IP0=HSEM
Mcu.IP1=I2C1
Mcu.IP10=TINY_LPM
Mcu.IP11=TSC
Mcu.IP2=IPCC
Mcu.IP3=NVIC
Mcu.IP4=RCC
Mcu.IP5=RF
Mcu.IP6=RTC
Mcu.IP7=SEQUENCER
Mcu.IP8=STM32_WPAN
Mcu.IP9=SYS
Mcu.IPNb=12
Mcu.Name=STM32WB55VGYx
Mcu.Package=WLCSP100
Mcu.Pin0=PA14
Mcu.Pin1=PA13
Mcu.Pin10=PC15-OSC32_OUT
Mcu.Pin11=PC14-OSC32_IN
Mcu.Pin12=PB14
Mcu.Pin13=PE2
Mcu.Pin14=PB15
Mcu.Pin15=PB6
Mcu.Pin16=PB12
Mcu.Pin17=PA1
Mcu.Pin18=PA0
Mcu.Pin19=PC1
Mcu.Pin2=PC10
Mcu.Pin20=OSC_IN
Mcu.Pin21=OSC_OUT
Mcu.Pin22=RF1
Mcu.Pin23=PA5
Mcu.Pin24=PA4
Mcu.Pin25=VP_HSEM_VS_HSEM
Mcu.Pin26=VP_IPCC_VS_IPCC
Mcu.Pin27=VP_RTC_VS_RTC_Activate
Mcu.Pin28=VP_RTC_VS_RTC_WakeUp_intern
Mcu.Pin29=VP_SEQUENCER_VS_SEQUENCER
Mcu.Pin3=PD2
Mcu.Pin30=VP_STM32_WPAN_VS_BLE_HOST
Mcu.Pin31=VP_SYS_VS_Systick
Mcu.Pin32=VP_TINY_LPM_VS_TINY_LPM
Mcu.Pin4=PB13
Mcu.Pin5=PC12
Mcu.Pin6=PB4
Mcu.Pin7=PD9
Mcu.Pin8=PB5
Mcu.Pin9=PB7
Mcu.PinsNb=33
Mcu.ThirdPartyNb=0
Mcu.UserConstants=
Mcu.UserName=STM32WB55VGYx
MxCube.Version=6.8.1
MxDb.Version=DB.6.0.81
NVIC.BusFault_IRQn=true\:0\:0\:false\:false\:true\:false\:false\:false
NVIC.DebugMonitor_IRQn=true\:0\:0\:false\:false\:true\:false\:false\:false
NVIC.ForceEnableDMAVector=true
NVIC.HSEM_IRQn=true\:0\:0\:false\:false\:true\:false\:true\:true
NVIC.HardFault_IRQn=true\:0\:0\:false\:false\:true\:false\:false\:false
NVIC.IPCC_C1_RX_IRQn=true\:0\:0\:false\:false\:true\:true\:true\:true
NVIC.IPCC_C1_TX_IRQn=true\:0\:0\:false\:false\:true\:true\:true\:true
NVIC.MemoryManagement_IRQn=true\:0\:0\:false\:false\:true\:false\:false\:false
NVIC.NonMaskableInt_IRQn=true\:0\:0\:false\:false\:true\:false\:false\:false
NVIC.PendSV_IRQn=true\:0\:0\:false\:false\:true\:false\:false\:false
NVIC.PriorityGroup=NVIC_PRIORITYGROUP_4
NVIC.RTC_WKUP_IRQn=true\:0\:0\:false\:false\:true\:true\:true\:true
NVIC.SVCall_IRQn=true\:0\:0\:false\:false\:true\:false\:false\:false
NVIC.SysTick_IRQn=true\:15\:0\:false\:false\:true\:false\:true\:false
NVIC.UsageFault_IRQn=true\:0\:0\:false\:false\:true\:false\:false\:false
OSC_IN.Mode=HSE-External-Oscillator
OSC_IN.Signal=RCC_OSC_IN
OSC_OUT.Mode=HSE-External-Oscillator
OSC_OUT.Signal=RCC_OSC_OUT
PA0.GPIOParameters=GPIO_Label
PA0.GPIO_Label=MOTOR_EN
PA0.Locked=true
PA0.Signal=GPIO_Output
PA1.Locked=true
PA1.Signal=GPIO_Output
PA13.Mode=Trace_Synchro_4bits_SW
PA13.Signal=SYS_JTMS-SWDIO
PA14.Mode=Trace_Synchro_4bits_SW
PA14.Signal=SYS_JTCK-SWCLK
PA4.GPIOParameters=GPIO_Label
PA4.GPIO_Label=IMU_INT1
PA4.Locked=true
PA4.Signal=GPXTI4
PA5.GPIOParameters=GPIO_Label
PA5.GPIO_Label=IMU_INT2
PA5.Locked=true
PA5.Signal=GPXTI5
PB12.GPIOParameters=GPIO_Label
PB12.GPIO_Label=TOUCH_SCAP
PB12.Mode=G1_IO1-Sampling
PB12.Signal=TSC_G1_IO1
PB13.GPIOParameters=GPIO_Label
PB13.GPIO_Label=TOUCH_IO2
PB13.Mode=G1_IO2-Channel
PB13.Signal=TSC_G1_IO2
PB14.GPIOParameters=GPIO_Label
PB14.GPIO_Label=TOUCH_IO3
PB14.Mode=G1_IO3-Channel
PB14.Signal=TSC_G1_IO3
PB15.GPIOParameters=GPIO_Label
PB15.GPIO_Label=TOUCH_IO4G
PB15.Mode=G1_IO4-Channel
PB15.Signal=TSC_G1_IO4
PB4.GPIOParameters=GPIO_Label
PB4.GPIO_Label=TOUCH_G2_SCAP
PB4.Mode=G2_IO1-Sampling
PB4.Signal=TSC_G2_IO1
PB5.GPIOParameters=GPIO_Label
PB5.GPIO_Label=TOUCH_G2_SHIELD
PB5.Mode=G2_IO2-Shield
PB5.Signal=TSC_G2_IO2
PB6.GPIOParameters=GPIO_Speed
PB6.GPIO_Speed=GPIO_SPEED_FREQ_VERY_HIGH
PB6.Mode=I2C
PB6.Signal=I2C1_SCL
PB7.GPIOParameters=GPIO_Speed
PB7.GPIO_Speed=GPIO_SPEED_FREQ_VERY_HIGH
PB7.Locked=true
PB7.Mode=I2C
PB7.Signal=I2C1_SDA
PC1.GPIOParameters=GPIO_Label,GPIO_ModeDefaultEXTI
PC1.GPIO_Label=BATT_CHG
PC1.GPIO_ModeDefaultEXTI=GPIO_MODE_IT_FALLING
PC1.Locked=true
PC1.Signal=GPXTI1
PC10.Mode=Trace_Synchro_4bits_SW
PC10.Signal=SYS_TRACED1
PC12.Mode=Trace_Synchro_4bits_SW
PC12.Signal=SYS_TRACED3
PC14-OSC32_IN.Mode=LSE-External-Oscillator
PC14-OSC32_IN.Signal=RCC_OSC32_IN
PC15-OSC32_OUT.Mode=LSE-External-Oscillator
PC15-OSC32_OUT.Signal=RCC_OSC32_OUT
PCC.Ble.ConnectionInterval=1000.0
PCC.Ble.DataLength=6
PCC.Ble.IsUsed=false
PCC.Ble.Mode=NOT_SELECTED
PCC.Ble.PowerLevel=Min
PCC.Zigbee.IsUsed=false
PCC.Zigbee.Mode=Sleepy End Device
PCC.Zigbee.Payload=15
PCC.Zigbee.PoolPeriodicity=480.0
PCC.Zigbee.PowerLevel=Min
PCC.Zigbee.RequestPeriodicity=1500.0
PD2.Mode=Trace_Synchro_4bits_SW
PD2.Signal=SYS_TRACED2
PD9.Mode=Trace_Synchro_4bits_SW
PD9.Signal=SYS_TRACED0
PE2.Mode=Trace_Synchro_4bits_SW
PE2.Signal=SYS_TRACECLK
PinOutPanel.CurrentBGAView=Top
PinOutPanel.RotationAngle=0
ProjectManager.AskForMigrate=true
ProjectManager.BackupPrevious=false
ProjectManager.CompilerOptimize=6
ProjectManager.ComputerToolchain=false
ProjectManager.CoupleFile=true
ProjectManager.CustomerFirmwarePackage=
ProjectManager.DefaultFWLocation=true
ProjectManager.DeletePrevious=true
ProjectManager.DeviceId=STM32WB55VGYx
ProjectManager.FirmwarePackage=STM32Cube FW_WB V1.16.0
ProjectManager.FreePins=true
ProjectManager.HalAssertFull=false
ProjectManager.HeapSize=0x7FFF
ProjectManager.KeepUserCode=true
ProjectManager.LastFirmware=true
ProjectManager.LibraryCopy=1
ProjectManager.MainLocation=Core/Src
ProjectManager.NoMain=false
ProjectManager.PreviousToolchain=STM32CubeIDE
ProjectManager.ProjectBuild=false
ProjectManager.ProjectFileName=TekTag.ioc
ProjectManager.ProjectName=TekTag
ProjectManager.ProjectStructure=
ProjectManager.RegisterCallBack=
ProjectManager.StackSize=0x1FFF
ProjectManager.TargetToolchain=STM32CubeIDE
ProjectManager.ToolChainLocation=
ProjectManager.UnderRoot=true
ProjectManager.functionlistsort=1-SystemClock_Config-RCC-false-HAL-false,2-MX_GPIO_Init-GPIO-false-HAL-true,3-MX_I2C1_Init-I2C1-false-HAL-true,4-MX_TSC_Init-TSC-false-HAL-true,5-MX_RTC_Init-RTC-false-HAL-true,6-APPE_Init-STM32_WPAN-false-HAL-false,7-MX_IPCC_Init-IPCC-false-HAL-true,0-MX_HSEM_Init-HSEM-false-HAL-true,0-MX_RF_Init-RF-false-HAL-true
RCC.ADCFreq_Value=64000000
RCC.AHB3CLKDivider=RCC_SYSCLK_DIV2
RCC.AHBFreq_Value=32000000
RCC.APB1Freq_Value=32000000
RCC.APB1TimFreq_Value=32000000
RCC.APB2Freq_Value=32000000
RCC.APB2TimFreq_Value=32000000
RCC.APB3Freq_Value=16000000
RCC.Cortex2Freq_Value=32000000
RCC.CortexFreq_Value=32000000
RCC.FCLK2Freq_Value=32000000
RCC.FCLKCortexFreq_Value=32000000
RCC.FamilyName=M
RCC.HCLK2Freq_Value=32000000
RCC.HCLK3Freq_Value=16000000
RCC.HCLKFreq_Value=32000000
RCC.HCLKRFFreq_Value=16000000
RCC.HSE_VALUE=32000000
RCC.HSI48_VALUE=48000000
RCC.HSI_VALUE=16000000
RCC.I2C1Freq_Value=32000000
RCC.I2C3Freq_Value=32000000
RCC.IPParameters=ADCFreq_Value,AHB3CLKDivider,AHBFreq_Value,APB1Freq_Value,APB1TimFreq_Value,APB2Freq_Value,APB2TimFreq_Value,APB3Freq_Value,Cortex2Freq_Value,CortexFreq_Value,FCLK2Freq_Value,FCLKCortexFreq_Value,FamilyName,HCLK2Freq_Value,HCLK3Freq_Value,HCLKFreq_Value,HCLKRFFreq_Value,HSE_VALUE,HSI48_VALUE,HSI_VALUE,I2C1Freq_Value,I2C3Freq_Value,LCDFreq_Value,LPTIM1Freq_Value,LPTIM2Freq_Value,LPUART1Freq_Value,LSCOPinFreq_Value,LSI_VALUE,MCO1PinFreq_Value,PLLPoutputFreq_Value,PLLQoutputFreq_Value,PLLRCLKFreq_Value,PLLSAI1PoutputFreq_Value,PLLSAI1QoutputFreq_Value,PLLSAI1RoutputFreq_Value,PLLSourceVirtual,PWRFreq_Value,RFWKPClockSelection,RFWKPFreq_Value,RNGFreq_Value,RTCClockSelection,RTCFreq_Value,SAI1Freq_Value,SMPS1Freq_Value,SMPSFreq_Value,SYSCLKFreq_VALUE,SYSCLKSource,USART1Freq_Value,USBFreq_Value,VCOInputFreq_Value,VCOOutputFreq_Value,VCOSAI1OutputFreq_Value
RCC.LCDFreq_Value=32768
RCC.LPTIM1Freq_Value=32000000
RCC.LPTIM2Freq_Value=32000000
RCC.LPUART1Freq_Value=32000000
RCC.LSCOPinFreq_Value=32000
RCC.LSI_VALUE=32000
RCC.MCO1PinFreq_Value=32000000
RCC.PLLPoutputFreq_Value=64000000
RCC.PLLQoutputFreq_Value=64000000
RCC.PLLRCLKFreq_Value=64000000
RCC.PLLSAI1PoutputFreq_Value=64000000
RCC.PLLSAI1QoutputFreq_Value=64000000
RCC.PLLSAI1RoutputFreq_Value=64000000
RCC.PLLSourceVirtual=RCC_PLLSOURCE_HSI
RCC.PWRFreq_Value=32000000
RCC.RFWKPClockSelection=RCC_RFWKPCLKSOURCE_LSE
RCC.RFWKPFreq_Value=32768
RCC.RNGFreq_Value=32000
RCC.RTCClockSelection=RCC_RTCCLKSOURCE_LSE
RCC.RTCFreq_Value=32768
RCC.SAI1Freq_Value=64000000
RCC.SMPS1Freq_Value=8000000
RCC.SMPSFreq_Value=4000000
RCC.SYSCLKFreq_VALUE=32000000
RCC.SYSCLKSource=RCC_SYSCLKSOURCE_HSE
RCC.USART1Freq_Value=32000000
RCC.USBFreq_Value=64000000
RCC.VCOInputFreq_Value=16000000
RCC.VCOOutputFreq_Value=128000000
RCC.VCOSAI1OutputFreq_Value=128000000
RF1.Mode=RF1_Activate
RF1.Signal=RF_RF1
SH.GPXTI1.0=GPIO_EXTI1
SH.GPXTI1.ConfNb=1
SH.GPXTI4.0=GPIO_EXTI4
SH.GPXTI4.ConfNb=1
SH.GPXTI5.0=GPIO_EXTI5
SH.GPXTI5.ConfNb=1
STM32_WPAN.BT_SIG_BEACON=CFG_IBEACON
STM32_WPAN.IPParameters=BT_SIG_BEACON,LOCAL_NAME,LOCAL_NAME_FORMATTED
STM32_WPAN.LOCAL_NAME=BEACON
STM32_WPAN.LOCAL_NAME_FORMATTED=,'B','E','A','C','O','N'
TSC.ChannelIOs-G1_IO2=TSC_GROUP1_IO2
TSC.ChannelIOs-G1_IO3=TSC_GROUP1_IO3
TSC.ChannelIOs-G1_IO4=TSC_GROUP1_IO4
TSC.IPParameters=SamplingIOs-G1_IO1,ChannelIOs-G1_IO2,ChannelIOs-G1_IO3,ChannelIOs-G1_IO4,SamplingIOs-G2_IO1,ShieldIOs-G2_IO2
TSC.SamplingIOs-G1_IO1=TSC_GROUP1_IO1
TSC.SamplingIOs-G2_IO1=TSC_GROUP2_IO1
TSC.ShieldIOs-G2_IO2=TSC_GROUP2_IO2
VP_HSEM_VS_HSEM.Mode=HSEM_Activate
VP_HSEM_VS_HSEM.Signal=HSEM_VS_HSEM
VP_IPCC_VS_IPCC.Mode=IPCC_Activate
VP_IPCC_VS_IPCC.Signal=IPCC_VS_IPCC
VP_RTC_VS_RTC_Activate.Mode=RTC_Enabled
VP_RTC_VS_RTC_Activate.Signal=RTC_VS_RTC_Activate
VP_RTC_VS_RTC_WakeUp_intern.Mode=WakeUp
VP_RTC_VS_RTC_WakeUp_intern.Signal=RTC_VS_RTC_WakeUp_intern
VP_SEQUENCER_VS_SEQUENCER.Mode=SEQUENCER_Enabled
VP_SEQUENCER_VS_SEQUENCER.Signal=SEQUENCER_VS_SEQUENCER
VP_STM32_WPAN_VS_BLE_HOST.Mode=STM32_WPAN_Enabled
VP_STM32_WPAN_VS_BLE_HOST.Signal=STM32_WPAN_VS_BLE_HOST
VP_SYS_VS_Systick.Mode=SysTick
VP_SYS_VS_Systick.Signal=SYS_VS_Systick
VP_TINY_LPM_VS_TINY_LPM.Mode=TINY_LPM_Enabled
VP_TINY_LPM_VS_TINY_LPM.Signal=TINY_LPM_VS_TINY_LPM
board=custom
